{
  "name": "evincus",
  "lockfileVersion": 3,
  "requires": true,
  "packages": {
    "": {
      "name": "evincus",
      "devDependencies": {
        "@deno/kv": "^0.14.0"
      },
      "engines": {
        "node": ">=22"
      }
    },
    "node_modules/@deno/kv": {
      "version": "0.14.0",
      "resolved": "https://registry.npmjs.org/@deno/kv/-/kv-0.14.0.tgz",
      "integrity": "sha512-k/grNUE/UuKPjzhRl7bKf3Yrc32n0O4KZvIKsiaWm/ruwiPnG9GKaeSkNp1FVonXiVADcTyN9js5nUQbAYrKsg==",
      "dev": true,
      "license": "MIT",
      "optionalDependencies": {
        "@deno/kv-darwin-arm64": "0.14.0",
        "@deno/kv-darwin-x64": "0.14.0",
        "@deno/kv-linux-arm64-gnu": "0.14.0",
        "@deno/kv-linux-x64-gnu": "0.14.0",
        "@deno/kv-win32-x64-msvc": "0.14.0"
      }
    },
    "node_modules/@deno/kv-darwin-arm64": {
      "version": "0.14.0",
      "resolved": "https://registry.npmjs.org/@deno/kv-darwin-arm64/-/kv-darwin-arm64-0.14.0.tgz",
      "integrity": "sha512-lo9FmjWcR0VmQN+4keQnfn/HuCppqh2od7nYfU6hVPplnZnLwan+oTh24qQg+Mcwbb1AgvvByCO3FX+vnhFPdA==",
      "cpu": [
        "arm64"
      ],
      "dev": true,
      "license": "MIT",
      "optional": true,
      "os": [
        "darwin"
      ],
      "engines": {
        "node": ">= 18"
      }
    },
    "node_modules/@deno/kv-darwin-x64": {
      "version": "0.14.0",
      "resolved": "https://registry.npmjs.org/@deno/kv-darwin-x64/-/kv-darwin-x64-0.14.0.tgz",
      "integrity": "sha512-xc749JPa8snKIQpjWTtBzFSGQKAQC03oSHmJ5ovRvR6IREhtrFCFm8f4TitooBrofPEV3E67MhDYqXuTYNYX9g==",
      "cpu": [
        "x64"
      ],
      "dev": true,
      "license": "MIT",
      "optional": true,
      "os": [
        "darwin"
      ],
      "engines": {
        "node": ">= 18"
      }
    },
    "node_modules/@deno/kv-linux-arm64-gnu": {
      "version": "0.14.0",
      "resolved": "https://registry.npmjs.org/@deno/kv-linux-arm64-gnu/-/kv-linux-arm64-gnu-0.14.0.tgz",
      "integrity": "sha512-zUBTkwug1HFZmZwhY+hbIqXssywFNwVVcwoJMKbYB2Tw4mQ5/X6ZFzMh8tbVRboItBimBodZAZLvgTbmzrU0CQ==",
      "cpu": [
        "arm64"
      ],
      "dev": true,
      "license": "MIT",
      "optional": true,
      "os": [
        "linux"
      ],
      "engines": {
        "node": ">= 18"
      }
    },
    "node_modules/@deno/kv-linux-x64-gnu": {
      "version": "0.14.0",
      "resolved": "https://registry.npmjs.org/@deno/kv-linux-x64-gnu/-/kv-linux-x64-gnu-0.14.0.tgz",
      "integrity": "sha512-v2eDXLEFaoi81SAkwfjvtgqPU2p9sPz+bmBOhzqhorR3sKw+ozkM/7n5VflE6VKnQZlXXmGr4sosmQX480OSwg==",
      "cpu": [
        "x64"
      ],
      "dev": true,
      "license": "MIT",
      "optional": true,
      "os": [
        "linux"
      ],
      "engines": {
        "node": ">= 18"
      }
    },
    "node_modules/@deno/kv-win32-x64-msvc": {
      "version": "0.14.0",
      "resolved": "https://registry.npmjs.org/@deno/kv-win32-x64-msvc/-/kv-win32-x64-msvc-0.14.0.tgz",
      "integrity": "sha512-9tyxx3NGiLPX+J9M8kObjxWzeJRX4nhSxXXliu1KEdD/XiFSNJXlAG2cx4nIm2XsIzYqHfA7dc+3WUZ1CGHs8A==",
      "cpu": [
        "x64"
      ],
      "dev": true,
      "license": "MIT",
      "optional": true,
      "os": [
        "win32"
      ],
      "engines": {
        "node": ">= 18"
      }
    }
  }
}
